{
    "name": "paradox-anticheat",
    "version": "3.3.4",
    "lockfileVersion": 3,
    "requires": true,
    "packages": {
        "": {
            "name": "paradox-anticheat",
            "version": "3.3.4",
            "hasInstallScript": true,
            "dependencies": {
                "@minecraft/server": "1.4.0-beta.1.20.10-stable",
                "@minecraft/server-ui": "1.2.0-beta.1.20.10-stable",
                "i": "^0.3.7",
                "typescript": "5.1.6"
            },
            "devDependencies": {
                "7zip-bin": "5.2.0",
                "prettier": "3.0.0"
            }
        },
        "node_modules/@minecraft/server": {
            "version": "1.4.0-beta.1.20.10-stable",
            "license": "MIT"
        },
        "node_modules/@minecraft/server-ui": {
            "version": "1.2.0-beta.1.20.10-stable",
            "license": "MIT",
            "dependencies": {
                "@minecraft/server": "^1.4.0-beta.1.20.10-stable"
            }
        },
        "node_modules/7zip-bin": {
            "version": "5.2.0",
            "dev": true,
            "license": "MIT"
        },
        "node_modules/i": {
            "version": "0.3.7",
            "resolved": "https://registry.npmjs.org/i/-/i-0.3.7.tgz",
            "integrity": "sha512-FYz4wlXgkQwIPqhzC5TdNMLSE5+GS1IIDJZY/1ZiEPCT2S3COUVZeT5OW4BmW4r5LHLQuOosSwsvnroG9GR59Q==",
            "engines": {
                "node": ">=0.4"
            }
        },
        "node_modules/prettier": {
            "version": "3.0.0",
            "dev": true,
            "license": "MIT",
            "bin": {
                "prettier": "bin/prettier.cjs"
            },
            "engines": {
                "node": ">=14"
            },
            "funding": {
                "url": "https://github.com/prettier/prettier?sponsor=1"
            }
        },
        "node_modules/typescript": {
            "version": "5.1.6",
            "license": "Apache-2.0",
            "bin": {
                "tsc": "bin/tsc",
                "tsserver": "bin/tsserver"
            },
            "engines": {
                "node": ">=14.17"
            }
        }
    }
}
